// !$*UTF8*$!
{
	archiveVersion = 1;
	classes = {
	};
	objectVersion = 56;
	objects = {

/* Begin PBXBuildFile section */
		011842E52BAF6A09009AC059 /* TitleTableViewCell.xib in Resources */ = {isa = PBXBuildFile; fileRef = 011842E42BAF6A09009AC059 /* TitleTableViewCell.xib */; };
		011842E62BAF6A09009AC059 /* TitleTableViewCell.swift in Sources */ = {isa = PBXBuildFile; fileRef = 011842E32BAF6A09009AC059 /* TitleTableViewCell.swift */; };
		011842EB2BAF6CEC009AC059 /* TitlesViewModel.swift in Sources */ = {isa = PBXBuildFile; fileRef = 011842EA2BAF6CEC009AC059 /* TitlesViewModel.swift */; };
		011842ED2BAF6CF9009AC059 /* Title.swift in Sources */ = {isa = PBXBuildFile; fileRef = 011842EC2BAF6CF9009AC059 /* Title.swift */; };
		011842F22BAF8165009AC059 /* ListViewController.swift in Sources */ = {isa = PBXBuildFile; fileRef = 011842EF2BAF8165009AC059 /* ListViewController.swift */; };
		011842F72BAF9105009AC059 /* Item.swift in Sources */ = {isa = PBXBuildFile; fileRef = 011842F62BAF9105009AC059 /* Item.swift */; };
		011842F92BAF9159009AC059 /* ListViewModel.swift in Sources */ = {isa = PBXBuildFile; fileRef = 011842F82BAF9159009AC059 /* ListViewModel.swift */; };
		011842FD2BAF9562009AC059 /* ItemTableViewCell.xib in Resources */ = {isa = PBXBuildFile; fileRef = 011842FC2BAF9562009AC059 /* ItemTableViewCell.xib */; };
		011842FE2BAF9562009AC059 /* ItemTableViewCell.swift in Sources */ = {isa = PBXBuildFile; fileRef = 011842FB2BAF9562009AC059 /* ItemTableViewCell.swift */; };
		01E6FC762BAF1C4A003A72C4 /* AppDelegate.swift in Sources */ = {isa = PBXBuildFile; fileRef = 01E6FC752BAF1C4A003A72C4 /* AppDelegate.swift */; };
		01E6FC782BAF1C4A003A72C4 /* SceneDelegate.swift in Sources */ = {isa = PBXBuildFile; fileRef = 01E6FC772BAF1C4A003A72C4 /* SceneDelegate.swift */; };
		01E6FC7D2BAF1C4A003A72C4 /* Base in Resources */ = {isa = PBXBuildFile; fileRef = 01E6FC7C2BAF1C4A003A72C4 /* Base */; };
		01E6FC802BAF1C4A003A72C4 /* ToDoList.xcdatamodeld in Sources */ = {isa = PBXBuildFile; fileRef = 01E6FC7E2BAF1C4A003A72C4 /* ToDoList.xcdatamodeld */; };
		01E6FC822BAF1C4B003A72C4 /* Assets.xcassets in Resources */ = {isa = PBXBuildFile; fileRef = 01E6FC812BAF1C4B003A72C4 /* Assets.xcassets */; };
		01E6FC852BAF1C4B003A72C4 /* Base in Resources */ = {isa = PBXBuildFile; fileRef = 01E6FC842BAF1C4B003A72C4 /* Base */; };
		01E6FC902BAF1C4B003A72C4 /* ToDoListTests.swift in Sources */ = {isa = PBXBuildFile; fileRef = 01E6FC8F2BAF1C4B003A72C4 /* ToDoListTests.swift */; };
		01E6FC9A2BAF1C4B003A72C4 /* ToDoListUITests.swift in Sources */ = {isa = PBXBuildFile; fileRef = 01E6FC992BAF1C4B003A72C4 /* ToDoListUITests.swift */; };
		01E6FC9C2BAF1C4B003A72C4 /* ToDoListUITestsLaunchTests.swift in Sources */ = {isa = PBXBuildFile; fileRef = 01E6FC9B2BAF1C4B003A72C4 /* ToDoListUITestsLaunchTests.swift */; };
		01E6FCAB2BAF227F003A72C4 /* TitlesViewController.swift in Sources */ = {isa = PBXBuildFile; fileRef = 01E6FCAA2BAF227F003A72C4 /* TitlesViewController.swift */; };
/* End PBXBuildFile section */

/* Begin PBXContainerItemProxy section */
		01E6FC8C2BAF1C4B003A72C4 /* PBXContainerItemProxy */ = {
			isa = PBXContainerItemProxy;
			containerPortal = 01E6FC6A2BAF1C4A003A72C4 /* Project object */;
			proxyType = 1;
			remoteGlobalIDString = 01E6FC712BAF1C4A003A72C4;
			remoteInfo = ToDoList;
		};
		01E6FC962BAF1C4B003A72C4 /* PBXContainerItemProxy */ = {
			isa = PBXContainerItemProxy;
			containerPortal = 01E6FC6A2BAF1C4A003A72C4 /* Project object */;
			proxyType = 1;
			remoteGlobalIDString = 01E6FC712BAF1C4A003A72C4;
			remoteInfo = ToDoList;
		};
/* End PBXContainerItemProxy section */

/* Begin PBXFileReference section */
		011842E32BAF6A09009AC059 /* TitleTableViewCell.swift */ = {isa = PBXFileReference; lastKnownFileType = sourcecode.swift; path = TitleTableViewCell.swift; sourceTree = "<group>"; };
		011842E42BAF6A09009AC059 /* TitleTableViewCell.xib */ = {isa = PBXFileReference; lastKnownFileType = file.xib; path = TitleTableViewCell.xib; sourceTree = "<group>"; };
		011842EA2BAF6CEC009AC059 /* TitlesViewModel.swift */ = {isa = PBXFileReference; lastKnownFileType = sourcecode.swift; path = TitlesViewModel.swift; sourceTree = "<group>"; };
		011842EC2BAF6CF9009AC059 /* Title.swift */ = {isa = PBXFileReference; lastKnownFileType = sourcecode.swift; path = Title.swift; sourceTree = "<group>"; };
		011842EF2BAF8165009AC059 /* ListViewController.swift */ = {isa = PBXFileReference; lastKnownFileType = sourcecode.swift; path = ListViewController.swift; sourceTree = "<group>"; };
		011842F62BAF9105009AC059 /* Item.swift */ = {isa = PBXFileReference; lastKnownFileType = sourcecode.swift; path = Item.swift; sourceTree = "<group>"; };
		011842F82BAF9159009AC059 /* ListViewModel.swift */ = {isa = PBXFileReference; lastKnownFileType = sourcecode.swift; path = ListViewModel.swift; sourceTree = "<group>"; };
		011842FB2BAF9562009AC059 /* ItemTableViewCell.swift */ = {isa = PBXFileReference; lastKnownFileType = sourcecode.swift; path = ItemTableViewCell.swift; sourceTree = "<group>"; };
		011842FC2BAF9562009AC059 /* ItemTableViewCell.xib */ = {isa = PBXFileReference; lastKnownFileType = file.xib; path = ItemTableViewCell.xib; sourceTree = "<group>"; };
		01E6FC722BAF1C4A003A72C4 /* ToDoList.app */ = {isa = PBXFileReference; explicitFileType = wrapper.application; includeInIndex = 0; path = ToDoList.app; sourceTree = BUILT_PRODUCTS_DIR; };
		01E6FC752BAF1C4A003A72C4 /* AppDelegate.swift */ = {isa = PBXFileReference; lastKnownFileType = sourcecode.swift; path = AppDelegate.swift; sourceTree = "<group>"; };
		01E6FC772BAF1C4A003A72C4 /* SceneDelegate.swift */ = {isa = PBXFileReference; lastKnownFileType = sourcecode.swift; path = SceneDelegate.swift; sourceTree = "<group>"; };
		01E6FC7C2BAF1C4A003A72C4 /* Base */ = {isa = PBXFileReference; lastKnownFileType = file.storyboard; name = Base; path = Base.lproj/Main.storyboard; sourceTree = "<group>"; };
		01E6FC7F2BAF1C4A003A72C4 /* ToDoList.xcdatamodel */ = {isa = PBXFileReference; lastKnownFileType = wrapper.xcdatamodel; path = ToDoList.xcdatamodel; sourceTree = "<group>"; };
		01E6FC812BAF1C4B003A72C4 /* Assets.xcassets */ = {isa = PBXFileReference; lastKnownFileType = folder.assetcatalog; path = Assets.xcassets; sourceTree = "<group>"; };
		01E6FC842BAF1C4B003A72C4 /* Base */ = {isa = PBXFileReference; lastKnownFileType = file.storyboard; name = Base; path = Base.lproj/LaunchScreen.storyboard; sourceTree = "<group>"; };
		01E6FC862BAF1C4B003A72C4 /* Info.plist */ = {isa = PBXFileReference; lastKnownFileType = text.plist.xml; path = Info.plist; sourceTree = "<group>"; };
		01E6FC8B2BAF1C4B003A72C4 /* ToDoListTests.xctest */ = {isa = PBXFileReference; explicitFileType = wrapper.cfbundle; includeInIndex = 0; path = ToDoListTests.xctest; sourceTree = BUILT_PRODUCTS_DIR; };
		01E6FC8F2BAF1C4B003A72C4 /* ToDoListTests.swift */ = {isa = PBXFileReference; lastKnownFileType = sourcecode.swift; path = ToDoListTests.swift; sourceTree = "<group>"; };
		01E6FC952BAF1C4B003A72C4 /* ToDoListUITests.xctest */ = {isa = PBXFileReference; explicitFileType = wrapper.cfbundle; includeInIndex = 0; path = ToDoListUITests.xctest; sourceTree = BUILT_PRODUCTS_DIR; };
		01E6FC992BAF1C4B003A72C4 /* ToDoListUITests.swift */ = {isa = PBXFileReference; lastKnownFileType = sourcecode.swift; path = ToDoListUITests.swift; sourceTree = "<group>"; };
		01E6FC9B2BAF1C4B003A72C4 /* ToDoListUITestsLaunchTests.swift */ = {isa = PBXFileReference; lastKnownFileType = sourcecode.swift; path = ToDoListUITestsLaunchTests.swift; sourceTree = "<group>"; };
		01E6FCAA2BAF227F003A72C4 /* TitlesViewController.swift */ = {isa = PBXFileReference; lastKnownFileType = sourcecode.swift; path = TitlesViewController.swift; sourceTree = "<group>"; };
/* End PBXFileReference section */

/* Begin PBXFrameworksBuildPhase section */
		01E6FC6F2BAF1C4A003A72C4 /* Frameworks */ = {
			isa = PBXFrameworksBuildPhase;
			buildActionMask = 2147483647;
			files = (
			);
			runOnlyForDeploymentPostprocessing = 0;
		};
		01E6FC882BAF1C4B003A72C4 /* Frameworks */ = {
			isa = PBXFrameworksBuildPhase;
			buildActionMask = 2147483647;
			files = (
			);
			runOnlyForDeploymentPostprocessing = 0;
		};
		01E6FC922BAF1C4B003A72C4 /* Frameworks */ = {
			isa = PBXFrameworksBuildPhase;
			buildActionMask = 2147483647;
			files = (
			);
			runOnlyForDeploymentPostprocessing = 0;
		};
/* End PBXFrameworksBuildPhase section */

/* Begin PBXGroup section */
		011842E72BAF6CA6009AC059 /* ViewModels */ = {
			isa = PBXGroup;
			children = (
				011842EA2BAF6CEC009AC059 /* TitlesViewModel.swift */,
			);
			path = ViewModels;
			sourceTree = "<group>";
		};
		011842E82BAF6CAF009AC059 /* Models */ = {
			isa = PBXGroup;
			children = (
				011842EC2BAF6CF9009AC059 /* Title.swift */,
			);
			path = Models;
			sourceTree = "<group>";
		};
		011842E92BAF6CC2009AC059 /* Views */ = {
			isa = PBXGroup;
			children = (
				018014742BAF65690080CD22 /* TitleTableViewCell */,
			);
			path = Views;
			sourceTree = "<group>";
		};
		011842EE2BAF8137009AC059 /* List */ = {
			isa = PBXGroup;
			children = (
				011842F52BAF8FB7009AC059 /* Models */,
				011842F42BAF8FAB009AC059 /* ViewModels */,
				011842F32BAF8FA5009AC059 /* Views */,
				011842EF2BAF8165009AC059 /* ListViewController.swift */,
			);
			path = List;
			sourceTree = "<group>";
		};
		011842F32BAF8FA5009AC059 /* Views */ = {
			isa = PBXGroup;
			children = (
				011842FA2BAF9543009AC059 /* ItemTableViewCell */,
			);
			path = Views;
			sourceTree = "<group>";
		};
		011842F42BAF8FAB009AC059 /* ViewModels */ = {
			isa = PBXGroup;
			children = (
				011842F82BAF9159009AC059 /* ListViewModel.swift */,
			);
			path = ViewModels;
			sourceTree = "<group>";
		};
		011842F52BAF8FB7009AC059 /* Models */ = {
			isa = PBXGroup;
			children = (
				011842F62BAF9105009AC059 /* Item.swift */,
			);
			path = Models;
			sourceTree = "<group>";
		};
		011842FA2BAF9543009AC059 /* ItemTableViewCell */ = {
			isa = PBXGroup;
			children = (
				011842FB2BAF9562009AC059 /* ItemTableViewCell.swift */,
				011842FC2BAF9562009AC059 /* ItemTableViewCell.xib */,
			);
			path = ItemTableViewCell;
			sourceTree = "<group>";
		};
		018014742BAF65690080CD22 /* TitleTableViewCell */ = {
			isa = PBXGroup;
			children = (
				011842E32BAF6A09009AC059 /* TitleTableViewCell.swift */,
				011842E42BAF6A09009AC059 /* TitleTableViewCell.xib */,
			);
			path = TitleTableViewCell;
			sourceTree = "<group>";
		};
		018014752BAF65810080CD22 /* Title */ = {
			isa = PBXGroup;
			children = (
				01E6FCAA2BAF227F003A72C4 /* TitlesViewController.swift */,
				011842E92BAF6CC2009AC059 /* Views */,
				011842E82BAF6CAF009AC059 /* Models */,
				011842E72BAF6CA6009AC059 /* ViewModels */,
			);
			path = Title;
			sourceTree = "<group>";
		};
		01E6FC692BAF1C4A003A72C4 = {
			isa = PBXGroup;
			children = (
				01E6FC742BAF1C4A003A72C4 /* ToDoList */,
				01E6FC8E2BAF1C4B003A72C4 /* ToDoListTests */,
				01E6FC982BAF1C4B003A72C4 /* ToDoListUITests */,
				01E6FC732BAF1C4A003A72C4 /* Products */,
			);
			sourceTree = "<group>";
		};
		01E6FC732BAF1C4A003A72C4 /* Products */ = {
			isa = PBXGroup;
			children = (
				01E6FC722BAF1C4A003A72C4 /* ToDoList.app */,
				01E6FC8B2BAF1C4B003A72C4 /* ToDoListTests.xctest */,
				01E6FC952BAF1C4B003A72C4 /* ToDoListUITests.xctest */,
			);
			name = Products;
			sourceTree = "<group>";
		};
		01E6FC742BAF1C4A003A72C4 /* ToDoList */ = {
			isa = PBXGroup;
			children = (
				011842EE2BAF8137009AC059 /* List */,
				018014752BAF65810080CD22 /* Title */,
				01E6FC7B2BAF1C4A003A72C4 /* Main.storyboard */,
				01E6FC752BAF1C4A003A72C4 /* AppDelegate.swift */,
				01E6FC772BAF1C4A003A72C4 /* SceneDelegate.swift */,
				01E6FC812BAF1C4B003A72C4 /* Assets.xcassets */,
				01E6FC832BAF1C4B003A72C4 /* LaunchScreen.storyboard */,
				01E6FC862BAF1C4B003A72C4 /* Info.plist */,
				01E6FC7E2BAF1C4A003A72C4 /* ToDoList.xcdatamodeld */,
			);
			path = ToDoList;
			sourceTree = "<group>";
		};
		01E6FC8E2BAF1C4B003A72C4 /* ToDoListTests */ = {
			isa = PBXGroup;
			children = (
				01E6FC8F2BAF1C4B003A72C4 /* ToDoListTests.swift */,
			);
			path = ToDoListTests;
			sourceTree = "<group>";
		};
		01E6FC982BAF1C4B003A72C4 /* ToDoListUITests */ = {
			isa = PBXGroup;
			children = (
				01E6FC992BAF1C4B003A72C4 /* ToDoListUITests.swift */,
				01E6FC9B2BAF1C4B003A72C4 /* ToDoListUITestsLaunchTests.swift */,
			);
			path = ToDoListUITests;
			sourceTree = "<group>";
		};
/* End PBXGroup section */

/* Begin PBXNativeTarget section */
		01E6FC712BAF1C4A003A72C4 /* ToDoList */ = {
			isa = PBXNativeTarget;
			buildConfigurationList = 01E6FC9F2BAF1C4B003A72C4 /* Build configuration list for PBXNativeTarget "ToDoList" */;
			buildPhases = (
				01E6FC6E2BAF1C4A003A72C4 /* Sources */,
				01E6FC6F2BAF1C4A003A72C4 /* Frameworks */,
				01E6FC702BAF1C4A003A72C4 /* Resources */,
			);
			buildRules = (
			);
			dependencies = (
			);
			name = ToDoList;
			productName = ToDoList;
			productReference = 01E6FC722BAF1C4A003A72C4 /* ToDoList.app */;
			productType = "com.apple.product-type.application";
		};
		01E6FC8A2BAF1C4B003A72C4 /* ToDoListTests */ = {
			isa = PBXNativeTarget;
			buildConfigurationList = 01E6FCA22BAF1C4B003A72C4 /* Build configuration list for PBXNativeTarget "ToDoListTests" */;
			buildPhases = (
				01E6FC872BAF1C4B003A72C4 /* Sources */,
				01E6FC882BAF1C4B003A72C4 /* Frameworks */,
				01E6FC892BAF1C4B003A72C4 /* Resources */,
			);
			buildRules = (
			);
			dependencies = (
				01E6FC8D2BAF1C4B003A72C4 /* PBXTargetDependency */,
			);
			name = ToDoListTests;
			productName = ToDoListTests;
			productReference = 01E6FC8B2BAF1C4B003A72C4 /* ToDoListTests.xctest */;
			productType = "com.apple.product-type.bundle.unit-test";
		};
		01E6FC942BAF1C4B003A72C4 /* ToDoListUITests */ = {
			isa = PBXNativeTarget;
			buildConfigurationList = 01E6FCA52BAF1C4B003A72C4 /* Build configuration list for PBXNativeTarget "ToDoListUITests" */;
			buildPhases = (
				01E6FC912BAF1C4B003A72C4 /* Sources */,
				01E6FC922BAF1C4B003A72C4 /* Frameworks */,
				01E6FC932BAF1C4B003A72C4 /* Resources */,
			);
			buildRules = (
			);
			dependencies = (
				01E6FC972BAF1C4B003A72C4 /* PBXTargetDependency */,
			);
			name = ToDoListUITests;
			productName = ToDoListUITests;
			productReference = 01E6FC952BAF1C4B003A72C4 /* ToDoListUITests.xctest */;
			productType = "com.apple.product-type.bundle.ui-testing";
		};
/* End PBXNativeTarget section */

/* Begin PBXProject section */
		01E6FC6A2BAF1C4A003A72C4 /* Project object */ = {
			isa = PBXProject;
			attributes = {
				BuildIndependentTargetsInParallel = 1;
				LastSwiftUpdateCheck = 1530;
				LastUpgradeCheck = 1530;
				TargetAttributes = {
					01E6FC712BAF1C4A003A72C4 = {
						CreatedOnToolsVersion = 15.3;
					};
					01E6FC8A2BAF1C4B003A72C4 = {
						CreatedOnToolsVersion = 15.3;
						TestTargetID = 01E6FC712BAF1C4A003A72C4;
					};
					01E6FC942BAF1C4B003A72C4 = {
						CreatedOnToolsVersion = 15.3;
						TestTargetID = 01E6FC712BAF1C4A003A72C4;
					};
				};
			};
			buildConfigurationList = 01E6FC6D2BAF1C4A003A72C4 /* Build configuration list for PBXProject "ToDoList" */;
			compatibilityVersion = "Xcode 14.0";
			developmentRegion = en;
			hasScannedForEncodings = 0;
			knownRegions = (
				en,
				Base,
			);
			mainGroup = 01E6FC692BAF1C4A003A72C4;
			productRefGroup = 01E6FC732BAF1C4A003A72C4 /* Products */;
			projectDirPath = "";
			projectRoot = "";
			targets = (
				01E6FC712BAF1C4A003A72C4 /* ToDoList */,
				01E6FC8A2BAF1C4B003A72C4 /* ToDoListTests */,
				01E6FC942BAF1C4B003A72C4 /* ToDoListUITests */,
			);
		};
/* End PBXProject section */

/* Begin PBXResourcesBuildPhase section */
		01E6FC702BAF1C4A003A72C4 /* Resources */ = {
			isa = PBXResourcesBuildPhase;
			buildActionMask = 2147483647;
			files = (
				011842E52BAF6A09009AC059 /* TitleTableViewCell.xib in Resources */,
				01E6FC822BAF1C4B003A72C4 /* Assets.xcassets in Resources */,
				01E6FC852BAF1C4B003A72C4 /* Base in Resources */,
				011842FD2BAF9562009AC059 /* ItemTableViewCell.xib in Resources */,
				01E6FC7D2BAF1C4A003A72C4 /* Base in Resources */,
			);
			runOnlyForDeploymentPostprocessing = 0;
		};
		01E6FC892BAF1C4B003A72C4 /* Resources */ = {
			isa = PBXResourcesBuildPhase;
			buildActionMask = 2147483647;
			files = (
			);
			runOnlyForDeploymentPostprocessing = 0;
		};
		01E6FC932BAF1C4B003A72C4 /* Resources */ = {
			isa = PBXResourcesBuildPhase;
			buildActionMask = 2147483647;
			files = (
			);
			runOnlyForDeploymentPostprocessing = 0;
		};
/* End PBXResourcesBuildPhase section */

/* Begin PBXSourcesBuildPhase section */
		01E6FC6E2BAF1C4A003A72C4 /* Sources */ = {
			isa = PBXSourcesBuildPhase;
			buildActionMask = 2147483647;
			files = (
				011842F92BAF9159009AC059 /* ListViewModel.swift in Sources */,
				011842ED2BAF6CF9009AC059 /* Title.swift in Sources */,
				011842F72BAF9105009AC059 /* Item.swift in Sources */,
				01E6FCAB2BAF227F003A72C4 /* TitlesViewController.swift in Sources */,
				011842EB2BAF6CEC009AC059 /* TitlesViewModel.swift in Sources */,
				01E6FC762BAF1C4A003A72C4 /* AppDelegate.swift in Sources */,
				01E6FC782BAF1C4A003A72C4 /* SceneDelegate.swift in Sources */,
				011842E62BAF6A09009AC059 /* TitleTableViewCell.swift in Sources */,
				011842F22BAF8165009AC059 /* ListViewController.swift in Sources */,
				011842FE2BAF9562009AC059 /* ItemTableViewCell.swift in Sources */,
				01E6FC802BAF1C4A003A72C4 /* ToDoList.xcdatamodeld in Sources */,
			);
			runOnlyForDeploymentPostprocessing = 0;
		};
		01E6FC872BAF1C4B003A72C4 /* Sources */ = {
			isa = PBXSourcesBuildPhase;
			buildActionMask = 2147483647;
			files = (
				01E6FC902BAF1C4B003A72C4 /* ToDoListTests.swift in Sources */,
			);
			runOnlyForDeploymentPostprocessing = 0;
		};
		01E6FC912BAF1C4B003A72C4 /* Sources */ = {
			isa = PBXSourcesBuildPhase;
			buildActionMask = 2147483647;
			files = (
				01E6FC9C2BAF1C4B003A72C4 /* ToDoListUITestsLaunchTests.swift in Sources */,
				01E6FC9A2BAF1C4B003A72C4 /* ToDoListUITests.swift in Sources */,
			);
			runOnlyForDeploymentPostprocessing = 0;
		};
/* End PBXSourcesBuildPhase section */

/* Begin PBXTargetDependency section */
		01E6FC8D2BAF1C4B003A72C4 /* PBXTargetDependency */ = {
			isa = PBXTargetDependency;
			target = 01E6FC712BAF1C4A003A72C4 /* ToDoList */;
			targetProxy = 01E6FC8C2BAF1C4B003A72C4 /* PBXContainerItemProxy */;
		};
		01E6FC972BAF1C4B003A72C4 /* PBXTargetDependency */ = {
			isa = PBXTargetDependency;
			target = 01E6FC712BAF1C4A003A72C4 /* ToDoList */;
			targetProxy = 01E6FC962BAF1C4B003A72C4 /* PBXContainerItemProxy */;
		};
/* End PBXTargetDependency section */

/* Begin PBXVariantGroup section */
		01E6FC7B2BAF1C4A003A72C4 /* Main.storyboard */ = {
			isa = PBXVariantGroup;
			children = (
				01E6FC7C2BAF1C4A003A72C4 /* Base */,
			);
			name = Main.storyboard;
			sourceTree = "<group>";
		};
		01E6FC832BAF1C4B003A72C4 /* LaunchScreen.storyboard */ = {
			isa = PBXVariantGroup;
			children = (
				01E6FC842BAF1C4B003A72C4 /* Base */,
			);
			name = LaunchScreen.storyboard;
			sourceTree = "<group>";
		};
/* End PBXVariantGroup section */

/* Begin XCBuildConfiguration section */
		01E6FC9D2BAF1C4B003A72C4 /* Debug */ = {
			isa = XCBuildConfiguration;
			buildSettings = {
				ALWAYS_SEARCH_USER_PATHS = NO;
				ASSETCATALOG_COMPILER_GENERATE_SWIFT_ASSET_SYMBOL_EXTENSIONS = YES;
				CLANG_ANALYZER_NONNULL = YES;
				CLANG_ANALYZER_NUMBER_OBJECT_CONVERSION = YES_AGGRESSIVE;
				CLANG_CXX_LANGUAGE_STANDARD = "gnu++20";
				CLANG_ENABLE_MODULES = YES;
				CLANG_ENABLE_OBJC_ARC = YES;
				CLANG_ENABLE_OBJC_WEAK = YES;
				CLANG_WARN_BLOCK_CAPTURE_AUTORELEASING = YES;
				CLANG_WARN_BOOL_CONVERSION = YES;
				CLANG_WARN_COMMA = YES;
				CLANG_WARN_CONSTANT_CONVERSION = YES;
				CLANG_WARN_DEPRECATED_OBJC_IMPLEMENTATIONS = YES;
				CLANG_WARN_DIRECT_OBJC_ISA_USAGE = YES_ERROR;
				CLANG_WARN_DOCUMENTATION_COMMENTS = YES;
				CLANG_WARN_EMPTY_BODY = YES;
				CLANG_WARN_ENUM_CONVERSION = YES;
				CLANG_WARN_INFINITE_RECURSION = YES;
				CLANG_WARN_INT_CONVERSION = YES;
				CLANG_WARN_NON_LITERAL_NULL_CONVERSION = YES;
				CLANG_WARN_OBJC_IMPLICIT_RETAIN_SELF = YES;
				CLANG_WARN_OBJC_LITERAL_CONVERSION = YES;
				CLANG_WARN_OBJC_ROOT_CLASS = YES_ERROR;
				CLANG_WARN_QUOTED_INCLUDE_IN_FRAMEWORK_HEADER = YES;
				CLANG_WARN_RANGE_LOOP_ANALYSIS = YES;
				CLANG_WARN_STRICT_PROTOTYPES = YES;
				CLANG_WARN_SUSPICIOUS_MOVE = YES;
				CLANG_WARN_UNGUARDED_AVAILABILITY = YES_AGGRESSIVE;
				CLANG_WARN_UNREACHABLE_CODE = YES;
				CLANG_WARN__DUPLICATE_METHOD_MATCH = YES;
				COPY_PHASE_STRIP = NO;
				DEBUG_INFORMATION_FORMAT = dwarf;
				ENABLE_STRICT_OBJC_MSGSEND = YES;
				ENABLE_TESTABILITY = YES;
				ENABLE_USER_SCRIPT_SANDBOXING = YES;
				GCC_C_LANGUAGE_STANDARD = gnu17;
				GCC_DYNAMIC_NO_PIC = NO;
				GCC_NO_COMMON_BLOCKS = YES;
				GCC_OPTIMIZATION_LEVEL = 0;
				GCC_PREPROCESSOR_DEFINITIONS = (
					"DEBUG=1",
					"$(inherited)",
				);
				GCC_WARN_64_TO_32_BIT_CONVERSION = YES;
				GCC_WARN_ABOUT_RETURN_TYPE = YES_ERROR;
				GCC_WARN_UNDECLARED_SELECTOR = YES;
				GCC_WARN_UNINITIALIZED_AUTOS = YES_AGGRESSIVE;
				GCC_WARN_UNUSED_FUNCTION = YES;
				GCC_WARN_UNUSED_VARIABLE = YES;
				IPHONEOS_DEPLOYMENT_TARGET = 17.4;
				LOCALIZATION_PREFERS_STRING_CATALOGS = YES;
				MTL_ENABLE_DEBUG_INFO = INCLUDE_SOURCE;
				MTL_FAST_MATH = YES;
				ONLY_ACTIVE_ARCH = YES;
				SDKROOT = iphoneos;
				SWIFT_ACTIVE_COMPILATION_CONDITIONS = "DEBUG $(inherited)";
				SWIFT_OPTIMIZATION_LEVEL = "-Onone";
			};
			name = Debug;
		};
		01E6FC9E2BAF1C4B003A72C4 /* Release */ = {
			isa = XCBuildConfiguration;
			buildSettings = {
				ALWAYS_SEARCH_USER_PATHS = NO;
				ASSETCATALOG_COMPILER_GENERATE_SWIFT_ASSET_SYMBOL_EXTENSIONS = YES;
				CLANG_ANALYZER_NONNULL = YES;
				CLANG_ANALYZER_NUMBER_OBJECT_CONVERSION = YES_AGGRESSIVE;
				CLANG_CXX_LANGUAGE_STANDARD = "gnu++20";
				CLANG_ENABLE_MODULES = YES;
				CLANG_ENABLE_OBJC_ARC = YES;
				CLANG_ENABLE_OBJC_WEAK = YES;
				CLANG_WARN_BLOCK_CAPTURE_AUTORELEASING = YES;
				CLANG_WARN_BOOL_CONVERSION = YES;
				CLANG_WARN_COMMA = YES;
				CLANG_WARN_CONSTANT_CONVERSION = YES;
				CLANG_WARN_DEPRECATED_OBJC_IMPLEMENTATIONS = YES;
				CLANG_WARN_DIRECT_OBJC_ISA_USAGE = YES_ERROR;
				CLANG_WARN_DOCUMENTATION_COMMENTS = YES;
				CLANG_WARN_EMPTY_BODY = YES;
				CLANG_WARN_ENUM_CONVERSION = YES;
				CLANG_WARN_INFINITE_RECURSION = YES;
				CLANG_WARN_INT_CONVERSION = YES;
				CLANG_WARN_NON_LITERAL_NULL_CONVERSION = YES;
				CLANG_WARN_OBJC_IMPLICIT_RETAIN_SELF = YES;
				CLANG_WARN_OBJC_LITERAL_CONVERSION = YES;
				CLANG_WARN_OBJC_ROOT_CLASS = YES_ERROR;
				CLANG_WARN_QUOTED_INCLUDE_IN_FRAMEWORK_HEADER = YES;
				CLANG_WARN_RANGE_LOOP_ANALYSIS = YES;
				CLANG_WARN_STRICT_PROTOTYPES = YES;
				CLANG_WARN_SUSPICIOUS_MOVE = YES;
				CLANG_WARN_UNGUARDED_AVAILABILITY = YES_AGGRESSIVE;
				CLANG_WARN_UNREACHABLE_CODE = YES;
				CLANG_WARN__DUPLICATE_METHOD_MATCH = YES;
				COPY_PHASE_STRIP = NO;
				DEBUG_INFORMATION_FORMAT = "dwarf-with-dsym";
				ENABLE_NS_ASSERTIONS = NO;
				ENABLE_STRICT_OBJC_MSGSEND = YES;
				ENABLE_USER_SCRIPT_SANDBOXING = YES;
				GCC_C_LANGUAGE_STANDARD = gnu17;
				GCC_NO_COMMON_BLOCKS = YES;
				GCC_WARN_64_TO_32_BIT_CONVERSION = YES;
				GCC_WARN_ABOUT_RETURN_TYPE = YES_ERROR;
				GCC_WARN_UNDECLARED_SELECTOR = YES;
				GCC_WARN_UNINITIALIZED_AUTOS = YES_AGGRESSIVE;
				GCC_WARN_UNUSED_FUNCTION = YES;
				GCC_WARN_UNUSED_VARIABLE = YES;
				IPHONEOS_DEPLOYMENT_TARGET = 17.4;
				LOCALIZATION_PREFERS_STRING_CATALOGS = YES;
				MTL_ENABLE_DEBUG_INFO = NO;
				MTL_FAST_MATH = YES;
				SDKROOT = iphoneos;
				SWIFT_COMPILATION_MODE = wholemodule;
				VALIDATE_PRODUCT = YES;
			};
			name = Release;
		};
		01E6FCA02BAF1C4B003A72C4 /* Debug */ = {
			isa = XCBuildConfiguration;
			buildSettings = {
				ASSETCATALOG_COMPILER_APPICON_NAME = AppIcon;
				ASSETCATALOG_COMPILER_GLOBAL_ACCENT_COLOR_NAME = AccentColor;
				CODE_SIGN_STYLE = Automatic;
				CURRENT_PROJECT_VERSION = 1;
				DEVELOPMENT_TEAM = JBD99C5SKP;
				GENERATE_INFOPLIST_FILE = YES;
				INFOPLIST_FILE = ToDoList/Info.plist;
				INFOPLIST_KEY_UIApplicationSupportsIndirectInputEvents = YES;
				INFOPLIST_KEY_UILaunchStoryboardName = LaunchScreen;
				INFOPLIST_KEY_UIMainStoryboardFile = Main;
				INFOPLIST_KEY_UISupportedInterfaceOrientations_iPad = "UIInterfaceOrientationPortrait UIInterfaceOrientationPortraitUpsideDown UIInterfaceOrientationLandscapeLeft UIInterfaceOrientationLandscapeRight";
				INFOPLIST_KEY_UISupportedInterfaceOrientations_iPhone = "UIInterfaceOrientationPortrait UIInterfaceOrientationLandscapeLeft UIInterfaceOrientationLandscapeRight";
				LD_RUNPATH_SEARCH_PATHS = (
					"$(inherited)",
					"@executable_path/Frameworks",
				);
				MARKETING_VERSION = 1.0;
				PRODUCT_BUNDLE_IDENTIFIER = com.nithya.ToDoList;
				PRODUCT_NAME = "$(TARGET_NAME)";
				SWIFT_EMIT_LOC_STRINGS = YES;
				SWIFT_VERSION = 5.0;
				TARGETED_DEVICE_FAMILY = "1,2";
			};
			name = Debug;
		};
		01E6FCA12BAF1C4B003A72C4 /* Release */ = {
			isa = XCBuildConfiguration;
			buildSettings = {
				ASSETCATALOG_COMPILER_APPICON_NAME = AppIcon;
				ASSETCATALOG_COMPILER_GLOBAL_ACCENT_COLOR_NAME = AccentColor;
				CODE_SIGN_STYLE = Automatic;
				CURRENT_PROJECT_VERSION = 1;
				DEVELOPMENT_TEAM = JBD99C5SKP;
				GENERATE_INFOPLIST_FILE = YES;
				INFOPLIST_FILE = ToDoList/Info.plist;
				INFOPLIST_KEY_UIApplicationSupportsIndirectInputEvents = YES;
				INFOPLIST_KEY_UILaunchStoryboardName = LaunchScreen;
				INFOPLIST_KEY_UIMainStoryboardFile = Main;
				INFOPLIST_KEY_UISupportedInterfaceOrientations_iPad = "UIInterfaceOrientationPortrait UIInterfaceOrientationPortraitUpsideDown UIInterfaceOrientationLandscapeLeft UIInterfaceOrientationLandscapeRight";
				INFOPLIST_KEY_UISupportedInterfaceOrientations_iPhone = "UIInterfaceOrientationPortrait UIInterfaceOrientationLandscapeLeft UIInterfaceOrientationLandscapeRight";
				LD_RUNPATH_SEARCH_PATHS = (
					"$(inherited)",
					"@executable_path/Frameworks",
				);
				MARKETING_VERSION = 1.0;
				PRODUCT_BUNDLE_IDENTIFIER = com.nithya.ToDoList;
				PRODUCT_NAME = "$(TARGET_NAME)";
				SWIFT_EMIT_LOC_STRINGS = YES;
				SWIFT_VERSION = 5.0;
				TARGETED_DEVICE_FAMILY = "1,2";
			};
			name = Release;
		};
		01E6FCA32BAF1C4B003A72C4 /* Debug */ = {
			isa = XCBuildConfiguration;
			buildSettings = {
				ALWAYS_EMBED_SWIFT_STANDARD_LIBRARIES = YES;
				BUNDLE_LOADER = "$(TEST_HOST)";
				CODE_SIGN_STYLE = Automatic;
				CURRENT_PROJECT_VERSION = 1;
				DEVELOPMENT_TEAM = JBD99C5SKP;
				GENERATE_INFOPLIST_FILE = YES;
				IPHONEOS_DEPLOYMENT_TARGET = 17.4;
				MARKETING_VERSION = 1.0;
				PRODUCT_BUNDLE_IDENTIFIER = com.nithya.ToDoListTests;
				PRODUCT_NAME = "$(TARGET_NAME)";
				SWIFT_EMIT_LOC_STRINGS = NO;
				SWIFT_VERSION = 5.0;
				TARGETED_DEVICE_FAMILY = "1,2";
				TEST_HOST = "$(BUILT_PRODUCTS_DIR)/ToDoList.app/$(BUNDLE_EXECUTABLE_FOLDER_PATH)/ToDoList";
			};
			name = Debug;
		};
		01E6FCA42BAF1C4B003A72C4 /* Release */ = {
			isa = XCBuildConfiguration;
			buildSettings = {
				ALWAYS_EMBED_SWIFT_STANDARD_LIBRARIES = YES;
				BUNDLE_LOADER = "$(TEST_HOST)";
				CODE_SIGN_STYLE = Automatic;
				CURRENT_PROJECT_VERSION = 1;
				DEVELOPMENT_TEAM = JBD99C5SKP;
				GENERATE_INFOPLIST_FILE = YES;
				IPHONEOS_DEPLOYMENT_TARGET = 17.4;
				MARKETING_VERSION = 1.0;
				PRODUCT_BUNDLE_IDENTIFIER = com.nithya.ToDoListTests;
				PRODUCT_NAME = "$(TARGET_NAME)";
				SWIFT_EMIT_LOC_STRINGS = NO;
				SWIFT_VERSION = 5.0;
				TARGETED_DEVICE_FAMILY = "1,2";
				TEST_HOST = "$(BUILT_PRODUCTS_DIR)/ToDoList.app/$(BUNDLE_EXECUTABLE_FOLDER_PATH)/ToDoList";
			};
			name = Release;
		};
		01E6FCA62BAF1C4B003A72C4 /* Debug */ = {
			isa = XCBuildConfiguration;
			buildSettings = {
				ALWAYS_EMBED_SWIFT_STANDARD_LIBRARIES = YES;
				CODE_SIGN_STYLE = Automatic;
				CURRENT_PROJECT_VERSION = 1;
				DEVELOPMENT_TEAM = JBD99C5SKP;
				GENERATE_INFOPLIST_FILE = YES;
				MARKETING_VERSION = 1.0;
				PRODUCT_BUNDLE_IDENTIFIER = com.nithya.ToDoListUITests;
				PRODUCT_NAME = "$(TARGET_NAME)";
				SWIFT_EMIT_LOC_STRINGS = NO;
				SWIFT_VERSION = 5.0;
				TARGETED_DEVICE_FAMILY = "1,2";
				TEST_TARGET_NAME = ToDoList;
			};
			name = Debug;
		};
		01E6FCA72BAF1C4B003A72C4 /* Release */ = {
			isa = XCBuildConfiguration;
			buildSettings = {
				ALWAYS_EMBED_SWIFT_STANDARD_LIBRARIES = YES;
				CODE_SIGN_STYLE = Automatic;
				CURRENT_PROJECT_VERSION = 1;
				DEVELOPMENT_TEAM = JBD99C5SKP;
				GENERATE_INFOPLIST_FILE = YES;
				MARKETING_VERSION = 1.0;
				PRODUCT_BUNDLE_IDENTIFIER = com.nithya.ToDoListUITests;
				PRODUCT_NAME = "$(TARGET_NAME)";
				SWIFT_EMIT_LOC_STRINGS = NO;
				SWIFT_VERSION = 5.0;
				TARGETED_DEVICE_FAMILY = "1,2";
				TEST_TARGET_NAME = ToDoList;
			};
			name = Release;
		};
/* End XCBuildConfiguration section */

/* Begin XCConfigurationList section */
		01E6FC6D2BAF1C4A003A72C4 /* Build configuration list for PBXProject "ToDoList" */ = {
			isa = XCConfigurationList;
			buildConfigurations = (
				01E6FC9D2BAF1C4B003A72C4 /* Debug */,
				01E6FC9E2BAF1C4B003A72C4 /* Release */,
			);
			defaultConfigurationIsVisible = 0;
			defaultConfigurationName = Release;
		};
		01E6FC9F2BAF1C4B003A72C4 /* Build configuration list for PBXNativeTarget "ToDoList" */ = {
			isa = XCConfigurationList;
			buildConfigurations = (
				01E6FCA02BAF1C4B003A72C4 /* Debug */,
				01E6FCA12BAF1C4B003A72C4 /* Release */,
			);
			defaultConfigurationIsVisible = 0;
			defaultConfigurationName = Release;
		};
		01E6FCA22BAF1C4B003A72C4 /* Build configuration list for PBXNativeTarget "ToDoListTests" */ = {
			isa = XCConfigurationList;
			buildConfigurations = (
				01E6FCA32BAF1C4B003A72C4 /* Debug */,
				01E6FCA42BAF1C4B003A72C4 /* Release */,
			);
			defaultConfigurationIsVisible = 0;
			defaultConfigurationName = Release;
		};
		01E6FCA52BAF1C4B003A72C4 /* Build configuration list for PBXNativeTarget "ToDoListUITests" */ = {
			isa = XCConfigurationList;
			buildConfigurations = (
				01E6FCA62BAF1C4B003A72C4 /* Debug */,
				01E6FCA72BAF1C4B003A72C4 /* Release */,
			);
			defaultConfigurationIsVisible = 0;
			defaultConfigurationName = Release;
		};
/* End XCConfigurationList section */

/* Begin XCVersionGroup section */
		01E6FC7E2BAF1C4A003A72C4 /* ToDoList.xcdatamodeld */ = {
			isa = XCVersionGroup;
			children = (
				01E6FC7F2BAF1C4A003A72C4 /* ToDoList.xcdatamodel */,
			);
			currentVersion = 01E6FC7F2BAF1C4A003A72C4 /* ToDoList.xcdatamodel */;
			path = ToDoList.xcdatamodeld;
			sourceTree = "<group>";
			versionGroupType = wrapper.xcdatamodel;
		};
/* End XCVersionGroup section */
	};
	rootObject = 01E6FC6A2BAF1C4A003A72C4 /* Project object */;
}
